
Microsoft Visual Studio Solution File, Format Version 12.00
# Visual Studio Version 16
VisualStudioVersion = 16.0.30717.126
MinimumVisualStudioVersion = 10.0.40219.1
Project("{9A19103F-16F7-4668-BE54-9A1E7A4F7556}") = "JokeGenerator.UI.ConsoleApp", "JokeGenerator.UI.ConsoleApp\JokeGenerator.UI.ConsoleApp.csproj", "{F31733F5-8322-4DDC-86C9-658FFDC656F8}"
EndProject
Project("{9A19103F-16F7-4668-BE54-9A1E7A4F7556}") = "JokeGenerator.UI", "JokeGenerator.UI\JokeGenerator.UI.csproj", "{3F26FC7A-CE24-4340-B259-3B1724F6BDC4}"
EndProject
Project("{9A19103F-16F7-4668-BE54-9A1E7A4F7556}") = "JokeGenerator.Handlers", "JokeGenarator.Handlers\JokeGenerator.Handlers.csproj", "{D7B683EE-4476-4663-A0A3-ED0EDF4D2D3A}"
EndProject
Project("{9A19103F-16F7-4668-BE54-9A1E7A4F7556}") = "JokeGenerator.Services", "JokeGenerator.Services\JokeGenerator.Services.csproj", "{AE719709-8833-4055-9BAD-2B7490788F55}"
EndProject
Project("{9A19103F-16F7-4668-BE54-9A1E7A4F7556}") = "JokeGenerator.Configuration", "JokerGenerator.Configuration\JokeGenerator.Configuration.csproj", "{86E2FA2D-64FA-452F-AAD0-863904A7C561}"
EndProject
Global
	GlobalSection(SolutionConfigurationPlatforms) = preSolution
		Debug|Any CPU = Debug|Any CPU
		Release|Any CPU = Release|Any CPU
	EndGlobalSection
	GlobalSection(ProjectConfigurationPlatforms) = postSolution
		{F31733F5-8322-4DDC-86C9-658FFDC656F8}.Debug|Any CPU.ActiveCfg = Debug|Any CPU
		{F31733F5-8322-4DDC-86C9-658FFDC656F8}.Debug|Any CPU.Build.0 = Debug|Any CPU
		{F31733F5-8322-4DDC-86C9-658FFDC656F8}.Release|Any CPU.ActiveCfg = Release|Any CPU
		{F31733F5-8322-4DDC-86C9-658FFDC656F8}.Release|Any CPU.Build.0 = Release|Any CPU
		{3F26FC7A-CE24-4340-B259-3B1724F6BDC4}.Debug|Any CPU.ActiveCfg = Debug|Any CPU
		{3F26FC7A-CE24-4340-B259-3B1724F6BDC4}.Debug|Any CPU.Build.0 = Debug|Any CPU
		{3F26FC7A-CE24-4340-B259-3B1724F6BDC4}.Release|Any CPU.ActiveCfg = Release|Any CPU
		{3F26FC7A-CE24-4340-B259-3B1724F6BDC4}.Release|Any CPU.Build.0 = Release|Any CPU
		{D7B683EE-4476-4663-A0A3-ED0EDF4D2D3A}.Debug|Any CPU.ActiveCfg = Debug|Any CPU
		{D7B683EE-4476-4663-A0A3-ED0EDF4D2D3A}.Debug|Any CPU.Build.0 = Debug|Any CPU
		{D7B683EE-4476-4663-A0A3-ED0EDF4D2D3A}.Release|Any CPU.ActiveCfg = Release|Any CPU
		{D7B683EE-4476-4663-A0A3-ED0EDF4D2D3A}.Release|Any CPU.Build.0 = Release|Any CPU
		{AE719709-8833-4055-9BAD-2B7490788F55}.Debug|Any CPU.ActiveCfg = Debug|Any CPU
		{AE719709-8833-4055-9BAD-2B7490788F55}.Debug|Any CPU.Build.0 = Debug|Any CPU
		{AE719709-8833-4055-9BAD-2B7490788F55}.Release|Any CPU.ActiveCfg = Release|Any CPU
		{AE719709-8833-4055-9BAD-2B7490788F55}.Release|Any CPU.Build.0 = Release|Any CPU
		{86E2FA2D-64FA-452F-AAD0-863904A7C561}.Debug|Any CPU.ActiveCfg = Debug|Any CPU
		{86E2FA2D-64FA-452F-AAD0-863904A7C561}.Debug|Any CPU.Build.0 = Debug|Any CPU
		{86E2FA2D-64FA-452F-AAD0-863904A7C561}.Release|Any CPU.ActiveCfg = Release|Any CPU
		{86E2FA2D-64FA-452F-AAD0-863904A7C561}.Release|Any CPU.Build.0 = Release|Any CPU
	EndGlobalSection
	GlobalSection(SolutionProperties) = preSolution
		HideSolutionNode = FALSE
	EndGlobalSection
	GlobalSection(ExtensibilityGlobals) = postSolution
		SolutionGuid = {CF17FCE6-F577-4E9A-9C82-1BEF64EA47F9}
	EndGlobalSection
EndGlobal
